
Microsoft Visual Studio Solution File, Format Version 12.00
# Visual Studio Version 17
VisualStudioVersion = 17.11.35312.102
MinimumVisualStudioVersion = 10.0.40219.1
Project("{FAE04EC0-301F-11D3-BF4B-00C04F79EFBC}") = "practic_2_zadachi", "practic_2_zadachi\practic_2_zadachi.csproj", "{AEC6BF02-8D80-47C7-8CA9-58DD8929E46B}"
EndProject
Project("{2150E333-8FDC-42A3-9474-1A3956D46DE8}") = "Solution Items", "Solution Items", "{95E78E5E-3C27-4042-AC73-5C4E98B11D04}"
	ProjectSection(SolutionItems) = preProject
		.editorconfig = .editorconfig
	EndProjectSection
EndProject
Global
	GlobalSection(SolutionConfigurationPlatforms) = preSolution
		Debug|Any CPU = Debug|Any CPU
		Release|Any CPU = Release|Any CPU
	EndGlobalSection
	GlobalSection(ProjectConfigurationPlatforms) = postSolution
		{AEC6BF02-8D80-47C7-8CA9-58DD8929E46B}.Debug|Any CPU.ActiveCfg = Debug|Any CPU
		{AEC6BF02-8D80-47C7-8CA9-58DD8929E46B}.Debug|Any CPU.Build.0 = Debug|Any CPU
		{AEC6BF02-8D80-47C7-8CA9-58DD8929E46B}.Release|Any CPU.ActiveCfg = Release|Any CPU
		{AEC6BF02-8D80-47C7-8CA9-58DD8929E46B}.Release|Any CPU.Build.0 = Release|Any CPU
	EndGlobalSection
	GlobalSection(SolutionProperties) = preSolution
		HideSolutionNode = FALSE
	EndGlobalSection
	GlobalSection(ExtensibilityGlobals) = postSolution
		SolutionGuid = {676F8E35-39E5-40B3-B842-F327B6675BE9}
	EndGlobalSection
EndGlobal
